
Microsoft Visual Studio Solution File, Format Version 12.00
# Visual Studio Version 17
VisualStudioVersion = 17.0.32014.148
MinimumVisualStudioVersion = 10.0.40219.1
Project("{FAE04EC0-301F-11D3-BF4B-00C04F79EFBC}") = "AptekaDesktop", "AptekaDesktop\AptekaDesktop.csproj", "{EB9813E9-A3BC-4B4A-BE10-2CF14832A804}"
EndProject
Global
	GlobalSection(SolutionConfigurationPlatforms) = preSolution
		Debug|Any CPU = Debug|Any CPU
		Release|Any CPU = Release|Any CPU
	EndGlobalSection
	GlobalSection(ProjectConfigurationPlatforms) = postSolution
		{EB9813E9-A3BC-4B4A-BE10-2CF14832A804}.Debug|Any CPU.ActiveCfg = Debug|Any CPU
		{EB9813E9-A3BC-4B4A-BE10-2CF14832A804}.Debug|Any CPU.Build.0 = Debug|Any CPU
		{EB9813E9-A3BC-4B4A-BE10-2CF14832A804}.Release|Any CPU.ActiveCfg = Release|Any CPU
		{EB9813E9-A3BC-4B4A-BE10-2CF14832A804}.Release|Any CPU.Build.0 = Release|Any CPU
	EndGlobalSection
	GlobalSection(SolutionProperties) = preSolution
		HideSolutionNode = FALSE
	EndGlobalSection
	GlobalSection(ExtensibilityGlobals) = postSolution
		SolutionGuid = {F3155D25-97FF-400C-93B4-55987C3CE28D}
	EndGlobalSection
EndGlobal
